
Microsoft Visual Studio Solution File, Format Version 12.00
# Visual Studio Version 16
VisualStudioVersion = 16.0.30406.217
MinimumVisualStudioVersion = 10.0.40219.1
Project("{FAE04EC0-301F-11D3-BF4B-00C04F79EFBC}") = "Debtor", "Debtor\Debtor.csproj", "{F6648F2F-37F2-4682-9BCD-17DFB1CA1F1F}"
EndProject
Project("{FAE04EC0-301F-11D3-BF4B-00C04F79EFBC}") = "Debtor.Core", "Debtor.Core\Debtor.Core.csproj", "{C39A2B26-F4A1-4E18-84DB-FB9B03811141}"
EndProject
Global
	GlobalSection(SolutionConfigurationPlatforms) = preSolution
		Debug|Any CPU = Debug|Any CPU
		Release|Any CPU = Release|Any CPU
	EndGlobalSection
	GlobalSection(ProjectConfigurationPlatforms) = postSolution
		{F6648F2F-37F2-4682-9BCD-17DFB1CA1F1F}.Debug|Any CPU.ActiveCfg = Debug|Any CPU
		{F6648F2F-37F2-4682-9BCD-17DFB1CA1F1F}.Debug|Any CPU.Build.0 = Debug|Any CPU
		{F6648F2F-37F2-4682-9BCD-17DFB1CA1F1F}.Release|Any CPU.ActiveCfg = Release|Any CPU
		{F6648F2F-37F2-4682-9BCD-17DFB1CA1F1F}.Release|Any CPU.Build.0 = Release|Any CPU
		{C39A2B26-F4A1-4E18-84DB-FB9B03811141}.Debug|Any CPU.ActiveCfg = Debug|Any CPU
		{C39A2B26-F4A1-4E18-84DB-FB9B03811141}.Debug|Any CPU.Build.0 = Debug|Any CPU
		{C39A2B26-F4A1-4E18-84DB-FB9B03811141}.Release|Any CPU.ActiveCfg = Release|Any CPU
		{C39A2B26-F4A1-4E18-84DB-FB9B03811141}.Release|Any CPU.Build.0 = Release|Any CPU
	EndGlobalSection
	GlobalSection(SolutionProperties) = preSolution
		HideSolutionNode = FALSE
	EndGlobalSection
	GlobalSection(ExtensibilityGlobals) = postSolution
		SolutionGuid = {76D39367-B06A-443D-8F08-03DBF19F9958}
	EndGlobalSection
EndGlobal
